
Microsoft Visual Studio Solution File, Format Version 12.00
# Visual Studio Version 17
VisualStudioVersion = 17.11.35312.102
MinimumVisualStudioVersion = 10.0.40219.1
Project("{FAE04EC0-301F-11D3-BF4B-00C04F79EFBC}") = "Functions and Methods", "Functions and Methods\Functions and Methods.csproj", "{39B835D8-C415-4375-B2E8-16AEC1A303E5}"
EndProject
Global
	GlobalSection(SolutionConfigurationPlatforms) = preSolution
		Debug|Any CPU = Debug|Any CPU
		Release|Any CPU = Release|Any CPU
	EndGlobalSection
	GlobalSection(ProjectConfigurationPlatforms) = postSolution
		{39B835D8-C415-4375-B2E8-16AEC1A303E5}.Debug|Any CPU.ActiveCfg = Debug|Any CPU
		{39B835D8-C415-4375-B2E8-16AEC1A303E5}.Debug|Any CPU.Build.0 = Debug|Any CPU
		{39B835D8-C415-4375-B2E8-16AEC1A303E5}.Release|Any CPU.ActiveCfg = Release|Any CPU
		{39B835D8-C415-4375-B2E8-16AEC1A303E5}.Release|Any CPU.Build.0 = Release|Any CPU
	EndGlobalSection
	GlobalSection(SolutionProperties) = preSolution
		HideSolutionNode = FALSE
	EndGlobalSection
	GlobalSection(ExtensibilityGlobals) = postSolution
		SolutionGuid = {4F08035C-8999-4C61-B482-8B4D364A47BC}
	EndGlobalSection
EndGlobal
